
Microsoft Visual Studio Solution File, Format Version 12.00
# Visual Studio Version 17
VisualStudioVersion = 17.13.35828.75 d17.13
MinimumVisualStudioVersion = 10.0.40219.1
Project("{FAE04EC0-301F-11D3-BF4B-00C04F79EFBC}") = "EFCoreDB", "EFCoreDB\EFCoreDB.csproj", "{F2FA1B3E-417F-472C-B6C6-2603FA6272ED}"
EndProject
Global
	GlobalSection(SolutionConfigurationPlatforms) = preSolution
		Debug|Any CPU = Debug|Any CPU
		Release|Any CPU = Release|Any CPU
	EndGlobalSection
	GlobalSection(ProjectConfigurationPlatforms) = postSolution
		{F2FA1B3E-417F-472C-B6C6-2603FA6272ED}.Debug|Any CPU.ActiveCfg = Debug|Any CPU
		{F2FA1B3E-417F-472C-B6C6-2603FA6272ED}.Debug|Any CPU.Build.0 = Debug|Any CPU
		{F2FA1B3E-417F-472C-B6C6-2603FA6272ED}.Release|Any CPU.ActiveCfg = Release|Any CPU
		{F2FA1B3E-417F-472C-B6C6-2603FA6272ED}.Release|Any CPU.Build.0 = Release|Any CPU
	EndGlobalSection
	GlobalSection(SolutionProperties) = preSolution
		HideSolutionNode = FALSE
	EndGlobalSection
	GlobalSection(ExtensibilityGlobals) = postSolution
		SolutionGuid = {CD6C3910-E324-4B41-B96F-39923965A2E1}
	EndGlobalSection
EndGlobal
